
Microsoft Visual Studio Solution File, Format Version 12.00
# Visual Studio 14
VisualStudioVersion = 14.0.25123.0
MinimumVisualStudioVersion = 10.0.40219.1
Project("{FAE04EC0-301F-11D3-BF4B-00C04F79EFBC}") = "ClusterKit.Monitoring", "ClusterKit.Monitoring\ClusterKit.Monitoring.csproj", "{C35EB6FF-0181-41DB-913C-87CE02A4382D}"
EndProject
Project("{2150E333-8FDC-42A3-9474-1A3956D46DE8}") = "Solution Items", "Solution Items", "{CEC20930-23BE-4E18-B7E4-184E4B613014}"
	ProjectSection(SolutionItems) = preProject
		..\build.fsx = ..\build.fsx
		..\nuget.config = ..\nuget.config
		..\Settings.StyleCop = ..\Settings.StyleCop
	EndProjectSection
EndProject
Project("{FAE04EC0-301F-11D3-BF4B-00C04F79EFBC}") = "ClusterKit.Monitoring.Web", "ClusterKit.Monitoring.Web\ClusterKit.Monitoring.Web.csproj", "{B6F42E59-CA82-4899-A3B9-532CF8E2A747}"
EndProject
Global
	GlobalSection(SolutionConfigurationPlatforms) = preSolution
		Debug|Any CPU = Debug|Any CPU
		Release|Any CPU = Release|Any CPU
	EndGlobalSection
	GlobalSection(ProjectConfigurationPlatforms) = postSolution
		{C35EB6FF-0181-41DB-913C-87CE02A4382D}.Debug|Any CPU.ActiveCfg = Debug|Any CPU
		{C35EB6FF-0181-41DB-913C-87CE02A4382D}.Debug|Any CPU.Build.0 = Debug|Any CPU
		{C35EB6FF-0181-41DB-913C-87CE02A4382D}.Release|Any CPU.ActiveCfg = Release|Any CPU
		{C35EB6FF-0181-41DB-913C-87CE02A4382D}.Release|Any CPU.Build.0 = Release|Any CPU
		{B6F42E59-CA82-4899-A3B9-532CF8E2A747}.Debug|Any CPU.ActiveCfg = Debug|Any CPU
		{B6F42E59-CA82-4899-A3B9-532CF8E2A747}.Debug|Any CPU.Build.0 = Debug|Any CPU
		{B6F42E59-CA82-4899-A3B9-532CF8E2A747}.Release|Any CPU.ActiveCfg = Release|Any CPU
		{B6F42E59-CA82-4899-A3B9-532CF8E2A747}.Release|Any CPU.Build.0 = Release|Any CPU
	EndGlobalSection
	GlobalSection(SolutionProperties) = preSolution
		HideSolutionNode = FALSE
	EndGlobalSection
EndGlobal
