
Microsoft Visual Studio Solution File, Format Version 12.00
# Visual Studio 14
VisualStudioVersion = 14.0.24720.0
MinimumVisualStudioVersion = 10.0.40219.1
Project("{FAE04EC0-301F-11D3-BF4B-00C04F79EFBC}") = "ClusterKit.Guarantee", "ClusterKit.Guarantee\ClusterKit.Guarantee.csproj", "{16807968-C4E8-41B8-AF12-E1738F8A6E05}"
EndProject
Project("{2150E333-8FDC-42A3-9474-1A3956D46DE8}") = "Solution items", "Solution items", "{294CCDF9-5924-4871-9900-4CF7A5B3AD48}"
	ProjectSection(SolutionItems) = preProject
		..\build.fsx = ..\build.fsx
		..\nuget.config = ..\nuget.config
		..\Settings.StyleCop = ..\Settings.StyleCop
	EndProjectSection
EndProject
Project("{FAE04EC0-301F-11D3-BF4B-00C04F79EFBC}") = "ClusterKit.BusinessObjects", "ClusterKit.BusinessObjects\ClusterKit.BusinessObjects.csproj", "{2740E3E0-256E-40AB-B3C7-3465CD340B2C}"
EndProject
Project("{FAE04EC0-301F-11D3-BF4B-00C04F79EFBC}") = "ClusterKit.Extensions.Tests", "ClusterKit.Extensions.Tests\ClusterKit.Extensions.Tests.csproj", "{872AA9D8-B8BC-4B87-91F9-59A4BD5D9DD8}"
EndProject
Global
	GlobalSection(SolutionConfigurationPlatforms) = preSolution
		Debug|Any CPU = Debug|Any CPU
		Release|Any CPU = Release|Any CPU
	EndGlobalSection
	GlobalSection(ProjectConfigurationPlatforms) = postSolution
		{16807968-C4E8-41B8-AF12-E1738F8A6E05}.Debug|Any CPU.ActiveCfg = Debug|Any CPU
		{16807968-C4E8-41B8-AF12-E1738F8A6E05}.Debug|Any CPU.Build.0 = Debug|Any CPU
		{16807968-C4E8-41B8-AF12-E1738F8A6E05}.Release|Any CPU.ActiveCfg = Release|Any CPU
		{16807968-C4E8-41B8-AF12-E1738F8A6E05}.Release|Any CPU.Build.0 = Release|Any CPU
		{2740E3E0-256E-40AB-B3C7-3465CD340B2C}.Debug|Any CPU.ActiveCfg = Debug|Any CPU
		{2740E3E0-256E-40AB-B3C7-3465CD340B2C}.Debug|Any CPU.Build.0 = Debug|Any CPU
		{2740E3E0-256E-40AB-B3C7-3465CD340B2C}.Release|Any CPU.ActiveCfg = Release|Any CPU
		{2740E3E0-256E-40AB-B3C7-3465CD340B2C}.Release|Any CPU.Build.0 = Release|Any CPU
		{872AA9D8-B8BC-4B87-91F9-59A4BD5D9DD8}.Debug|Any CPU.ActiveCfg = Debug|Any CPU
		{872AA9D8-B8BC-4B87-91F9-59A4BD5D9DD8}.Debug|Any CPU.Build.0 = Debug|Any CPU
		{872AA9D8-B8BC-4B87-91F9-59A4BD5D9DD8}.Release|Any CPU.ActiveCfg = Release|Any CPU
		{872AA9D8-B8BC-4B87-91F9-59A4BD5D9DD8}.Release|Any CPU.Build.0 = Release|Any CPU
	EndGlobalSection
	GlobalSection(SolutionProperties) = preSolution
		HideSolutionNode = FALSE
	EndGlobalSection
EndGlobal
