
Microsoft Visual Studio Solution File, Format Version 12.00
# Visual Studio 14
VisualStudioVersion = 14.0.25420.1
MinimumVisualStudioVersion = 10.0.40219.1
Project("{2150E333-8FDC-42A3-9474-1A3956D46DE8}") = "Solution Items", "Solution Items", "{6955E93D-2B6C-4451-8E32-8E0E978F3CB3}"
	ProjectSection(SolutionItems) = preProject
		..\build.config.fsx = ..\build.config.fsx
	EndProjectSection
EndProject
Project("{FAE04EC0-301F-11D3-BF4B-00C04F79EFBC}") = "ClusterKit.Data", "ClusterKit.Data\ClusterKit.Data.csproj", "{0D6871D1-5A69-4533-BA4B-073B876232C5}"
EndProject
Project("{FAE04EC0-301F-11D3-BF4B-00C04F79EFBC}") = "ClusterKit.Data.CRUD", "ClusterKit.Data.CRUD\ClusterKit.Data.CRUD.csproj", "{FDA59712-9625-4CDF-B8FD-6DF19960C8C0}"
EndProject
Project("{FAE04EC0-301F-11D3-BF4B-00C04F79EFBC}") = "ClusterKit.Data.EF", "ClusterKit.Data.EF\ClusterKit.Data.EF.csproj", "{17C1FC2C-F8E3-4D0C-9446-5FA6E4F4D71F}"
EndProject
Project("{FAE04EC0-301F-11D3-BF4B-00C04F79EFBC}") = "ClusterKit.Data.EF.Npgsql", "ClusterKit.Data.EF.Npgsql\ClusterKit.Data.EF.Npgsql.csproj", "{452AA14F-7657-49D2-8DA5-6A3058821217}"
EndProject
Project("{FAE04EC0-301F-11D3-BF4B-00C04F79EFBC}") = "ClusterKit.Data.EF.TestKit", "ClusterKit.Data.EF.TestKit\ClusterKit.Data.EF.TestKit.csproj", "{6D78C999-7A74-488B-A55D-919C593197CA}"
EndProject
Project("{FAE04EC0-301F-11D3-BF4B-00C04F79EFBC}") = "ClusterKit.Data.TestKit", "ClusterKit.Data.TestKit\ClusterKit.Data.TestKit.csproj", "{1A6EF5ED-C0C0-478A-A1B4-CA6366541B5E}"
EndProject
Project("{FAE04EC0-301F-11D3-BF4B-00C04F79EFBC}") = "ClusterKit.Data.Tests", "ClusterKit.Data.Tests\ClusterKit.Data.Tests.csproj", "{48D2E56D-F336-46D2-A7DE-06AD990CB58B}"
EndProject
Global
	GlobalSection(SolutionConfigurationPlatforms) = preSolution
		Debug|Any CPU = Debug|Any CPU
		Release|Any CPU = Release|Any CPU
	EndGlobalSection
	GlobalSection(ProjectConfigurationPlatforms) = postSolution
		{0D6871D1-5A69-4533-BA4B-073B876232C5}.Debug|Any CPU.ActiveCfg = Debug|Any CPU
		{0D6871D1-5A69-4533-BA4B-073B876232C5}.Debug|Any CPU.Build.0 = Debug|Any CPU
		{0D6871D1-5A69-4533-BA4B-073B876232C5}.Release|Any CPU.ActiveCfg = Release|Any CPU
		{0D6871D1-5A69-4533-BA4B-073B876232C5}.Release|Any CPU.Build.0 = Release|Any CPU
		{FDA59712-9625-4CDF-B8FD-6DF19960C8C0}.Debug|Any CPU.ActiveCfg = Debug|Any CPU
		{FDA59712-9625-4CDF-B8FD-6DF19960C8C0}.Debug|Any CPU.Build.0 = Debug|Any CPU
		{FDA59712-9625-4CDF-B8FD-6DF19960C8C0}.Release|Any CPU.ActiveCfg = Release|Any CPU
		{FDA59712-9625-4CDF-B8FD-6DF19960C8C0}.Release|Any CPU.Build.0 = Release|Any CPU
		{17C1FC2C-F8E3-4D0C-9446-5FA6E4F4D71F}.Debug|Any CPU.ActiveCfg = Debug|Any CPU
		{17C1FC2C-F8E3-4D0C-9446-5FA6E4F4D71F}.Debug|Any CPU.Build.0 = Debug|Any CPU
		{17C1FC2C-F8E3-4D0C-9446-5FA6E4F4D71F}.Release|Any CPU.ActiveCfg = Release|Any CPU
		{17C1FC2C-F8E3-4D0C-9446-5FA6E4F4D71F}.Release|Any CPU.Build.0 = Release|Any CPU
		{452AA14F-7657-49D2-8DA5-6A3058821217}.Debug|Any CPU.ActiveCfg = Debug|Any CPU
		{452AA14F-7657-49D2-8DA5-6A3058821217}.Debug|Any CPU.Build.0 = Debug|Any CPU
		{452AA14F-7657-49D2-8DA5-6A3058821217}.Release|Any CPU.ActiveCfg = Release|Any CPU
		{452AA14F-7657-49D2-8DA5-6A3058821217}.Release|Any CPU.Build.0 = Release|Any CPU
		{6D78C999-7A74-488B-A55D-919C593197CA}.Debug|Any CPU.ActiveCfg = Debug|Any CPU
		{6D78C999-7A74-488B-A55D-919C593197CA}.Debug|Any CPU.Build.0 = Debug|Any CPU
		{6D78C999-7A74-488B-A55D-919C593197CA}.Release|Any CPU.ActiveCfg = Release|Any CPU
		{6D78C999-7A74-488B-A55D-919C593197CA}.Release|Any CPU.Build.0 = Release|Any CPU
		{1A6EF5ED-C0C0-478A-A1B4-CA6366541B5E}.Debug|Any CPU.ActiveCfg = Debug|Any CPU
		{1A6EF5ED-C0C0-478A-A1B4-CA6366541B5E}.Debug|Any CPU.Build.0 = Debug|Any CPU
		{1A6EF5ED-C0C0-478A-A1B4-CA6366541B5E}.Release|Any CPU.ActiveCfg = Release|Any CPU
		{1A6EF5ED-C0C0-478A-A1B4-CA6366541B5E}.Release|Any CPU.Build.0 = Release|Any CPU
		{48D2E56D-F336-46D2-A7DE-06AD990CB58B}.Debug|Any CPU.ActiveCfg = Debug|Any CPU
		{48D2E56D-F336-46D2-A7DE-06AD990CB58B}.Debug|Any CPU.Build.0 = Debug|Any CPU
		{48D2E56D-F336-46D2-A7DE-06AD990CB58B}.Release|Any CPU.ActiveCfg = Release|Any CPU
		{48D2E56D-F336-46D2-A7DE-06AD990CB58B}.Release|Any CPU.Build.0 = Release|Any CPU
	EndGlobalSection
	GlobalSection(SolutionProperties) = preSolution
		HideSolutionNode = FALSE
	EndGlobalSection
EndGlobal
