
Microsoft Visual Studio Solution File, Format Version 12.00
# Visual Studio 14
VisualStudioVersion = 14.0.24720.0
MinimumVisualStudioVersion = 10.0.40219.1
Project("{FAE04EC0-301F-11D3-BF4B-00C04F79EFBC}") = "ClusterKit.Core", "ClusterKit.Core\ClusterKit.Core.csproj", "{BA97BEED-B078-499D-8C00-6A3D4A0635F2}"
EndProject
Project("{FAE04EC0-301F-11D3-BF4B-00C04F79EFBC}") = "ClusterKit.Core.Tests", "ClusterKit.Core.Tests\ClusterKit.Core.Tests.csproj", "{D363C4FE-8020-402F-BDCB-5BA246A76232}"
EndProject
Project("{2150E333-8FDC-42A3-9474-1A3956D46DE8}") = "Solution Items", "Solution Items", "{EDC0C5DB-1204-478B-85D0-28F9AE9E16F3}"
	ProjectSection(SolutionItems) = preProject
		..\build.fsx = ..\build.fsx
		..\nuget.config = ..\nuget.config
		..\Settings.StyleCop = ..\Settings.StyleCop
	EndProjectSection
EndProject
Project("{FAE04EC0-301F-11D3-BF4B-00C04F79EFBC}") = "ClusterKit.Core.TestKit", "ClusterKit.Core.TestKit\ClusterKit.Core.TestKit.csproj", "{33F25E93-E58E-4F90-A6EB-E7C64546D732}"
EndProject
Project("{FAE04EC0-301F-11D3-BF4B-00C04F79EFBC}") = "ClusterKit.Core.Service", "ClusterKit.Core.Service\ClusterKit.Core.Service.csproj", "{013ABB32-F68B-4EFF-9CD7-8FE8B1688C4C}"
EndProject
Project("{FAE04EC0-301F-11D3-BF4B-00C04F79EFBC}") = "ClusterKit.Build", "ClusterKit.Build\ClusterKit.Build.csproj", "{30EE4EE5-28F9-48D3-B45B-758B08093D67}"
EndProject
Project("{FAE04EC0-301F-11D3-BF4B-00C04F79EFBC}") = "ClusterKit.Core.EF", "ClusterKit.Core.EF\ClusterKit.Core.EF.csproj", "{17C1FC2C-F8E3-4D0C-9446-5FA6E4F4D71F}"
EndProject
Project("{FAE04EC0-301F-11D3-BF4B-00C04F79EFBC}") = "ClusterKit.Core.EF.Npgsql", "ClusterKit.Core.EF.Npgsql\ClusterKit.Core.EF.Npgsql.csproj", "{452AA14F-7657-49D2-8DA5-6A3058821217}"
EndProject
Project("{FAE04EC0-301F-11D3-BF4B-00C04F79EFBC}") = "ClusterKit.Core.Rest", "ClusterKit.Core.Rest\ClusterKit.Core.Rest.csproj", "{FDA59712-9625-4CDF-B8FD-6DF19960C8C0}"
EndProject
Global
	GlobalSection(SolutionConfigurationPlatforms) = preSolution
		Debug|Any CPU = Debug|Any CPU
		Release|Any CPU = Release|Any CPU
	EndGlobalSection
	GlobalSection(ProjectConfigurationPlatforms) = postSolution
		{BA97BEED-B078-499D-8C00-6A3D4A0635F2}.Debug|Any CPU.ActiveCfg = Debug|Any CPU
		{BA97BEED-B078-499D-8C00-6A3D4A0635F2}.Debug|Any CPU.Build.0 = Debug|Any CPU
		{BA97BEED-B078-499D-8C00-6A3D4A0635F2}.Release|Any CPU.ActiveCfg = Release|Any CPU
		{BA97BEED-B078-499D-8C00-6A3D4A0635F2}.Release|Any CPU.Build.0 = Release|Any CPU
		{D363C4FE-8020-402F-BDCB-5BA246A76232}.Debug|Any CPU.ActiveCfg = Debug|Any CPU
		{D363C4FE-8020-402F-BDCB-5BA246A76232}.Debug|Any CPU.Build.0 = Debug|Any CPU
		{D363C4FE-8020-402F-BDCB-5BA246A76232}.Release|Any CPU.ActiveCfg = Release|Any CPU
		{D363C4FE-8020-402F-BDCB-5BA246A76232}.Release|Any CPU.Build.0 = Release|Any CPU
		{33F25E93-E58E-4F90-A6EB-E7C64546D732}.Debug|Any CPU.ActiveCfg = Debug|Any CPU
		{33F25E93-E58E-4F90-A6EB-E7C64546D732}.Debug|Any CPU.Build.0 = Debug|Any CPU
		{33F25E93-E58E-4F90-A6EB-E7C64546D732}.Release|Any CPU.ActiveCfg = Release|Any CPU
		{33F25E93-E58E-4F90-A6EB-E7C64546D732}.Release|Any CPU.Build.0 = Release|Any CPU
		{013ABB32-F68B-4EFF-9CD7-8FE8B1688C4C}.Debug|Any CPU.ActiveCfg = Debug|Any CPU
		{013ABB32-F68B-4EFF-9CD7-8FE8B1688C4C}.Debug|Any CPU.Build.0 = Debug|Any CPU
		{013ABB32-F68B-4EFF-9CD7-8FE8B1688C4C}.Release|Any CPU.ActiveCfg = Release|Any CPU
		{013ABB32-F68B-4EFF-9CD7-8FE8B1688C4C}.Release|Any CPU.Build.0 = Release|Any CPU
		{30EE4EE5-28F9-48D3-B45B-758B08093D67}.Debug|Any CPU.ActiveCfg = Debug|Any CPU
		{30EE4EE5-28F9-48D3-B45B-758B08093D67}.Debug|Any CPU.Build.0 = Debug|Any CPU
		{30EE4EE5-28F9-48D3-B45B-758B08093D67}.Release|Any CPU.ActiveCfg = Release|Any CPU
		{30EE4EE5-28F9-48D3-B45B-758B08093D67}.Release|Any CPU.Build.0 = Release|Any CPU
		{17C1FC2C-F8E3-4D0C-9446-5FA6E4F4D71F}.Debug|Any CPU.ActiveCfg = Debug|Any CPU
		{17C1FC2C-F8E3-4D0C-9446-5FA6E4F4D71F}.Debug|Any CPU.Build.0 = Debug|Any CPU
		{17C1FC2C-F8E3-4D0C-9446-5FA6E4F4D71F}.Release|Any CPU.ActiveCfg = Release|Any CPU
		{17C1FC2C-F8E3-4D0C-9446-5FA6E4F4D71F}.Release|Any CPU.Build.0 = Release|Any CPU
		{452AA14F-7657-49D2-8DA5-6A3058821217}.Debug|Any CPU.ActiveCfg = Debug|Any CPU
		{452AA14F-7657-49D2-8DA5-6A3058821217}.Debug|Any CPU.Build.0 = Debug|Any CPU
		{452AA14F-7657-49D2-8DA5-6A3058821217}.Release|Any CPU.ActiveCfg = Release|Any CPU
		{452AA14F-7657-49D2-8DA5-6A3058821217}.Release|Any CPU.Build.0 = Release|Any CPU
		{FDA59712-9625-4CDF-B8FD-6DF19960C8C0}.Debug|Any CPU.ActiveCfg = Debug|Any CPU
		{FDA59712-9625-4CDF-B8FD-6DF19960C8C0}.Debug|Any CPU.Build.0 = Debug|Any CPU
		{FDA59712-9625-4CDF-B8FD-6DF19960C8C0}.Release|Any CPU.ActiveCfg = Release|Any CPU
		{FDA59712-9625-4CDF-B8FD-6DF19960C8C0}.Release|Any CPU.Build.0 = Release|Any CPU
	EndGlobalSection
	GlobalSection(SolutionProperties) = preSolution
		HideSolutionNode = FALSE
	EndGlobalSection
EndGlobal
