
Microsoft Visual Studio Solution File, Format Version 12.00
# Visual Studio 14
VisualStudioVersion = 14.0.23107.0
MinimumVisualStudioVersion = 10.0.40219.1
Project("{FAE04EC0-301F-11D3-BF4B-00C04F79EFBC}") = "ClusterKit.Web", "ClusterKit.Web\ClusterKit.Web.csproj", "{477B201A-A30C-4360-B56A-6F61C049BB04}"
EndProject
Project("{2150E333-8FDC-42A3-9474-1A3956D46DE8}") = "Solution Items", "Solution Items", "{E142B59E-0646-4EAB-970E-D6175A16AC3E}"
	ProjectSection(SolutionItems) = preProject
		..\nuget.config = ..\nuget.config
		..\Settings.StyleCop = ..\Settings.StyleCop
	EndProjectSection
EndProject
Project("{FAE04EC0-301F-11D3-BF4B-00C04F79EFBC}") = "ClusterKit.Web.Tests", "ClusterKit.Web.Tests\ClusterKit.Web.Tests.csproj", "{AFA2713B-C316-4CED-8568-A44A13DD1039}"
EndProject
Project("{FAE04EC0-301F-11D3-BF4B-00C04F79EFBC}") = "ClusterKit.Web.NginxConfigurator", "ClusterKit.Web.NginxConfigurator\ClusterKit.Web.NginxConfigurator.csproj", "{81CB9B1A-25B1-46A8-8806-0BCF5595386E}"
EndProject
Project("{FAE04EC0-301F-11D3-BF4B-00C04F79EFBC}") = "ClusterKit.Web.Client", "ClusterKit.Web.Client\ClusterKit.Web.Client.csproj", "{8E543EA4-65DE-475F-8045-C094CDE58E29}"
EndProject
Global
	GlobalSection(SolutionConfigurationPlatforms) = preSolution
		Debug|Any CPU = Debug|Any CPU
		Release|Any CPU = Release|Any CPU
	EndGlobalSection
	GlobalSection(ProjectConfigurationPlatforms) = postSolution
		{477B201A-A30C-4360-B56A-6F61C049BB04}.Debug|Any CPU.ActiveCfg = Debug|Any CPU
		{477B201A-A30C-4360-B56A-6F61C049BB04}.Debug|Any CPU.Build.0 = Debug|Any CPU
		{477B201A-A30C-4360-B56A-6F61C049BB04}.Release|Any CPU.ActiveCfg = Release|Any CPU
		{477B201A-A30C-4360-B56A-6F61C049BB04}.Release|Any CPU.Build.0 = Release|Any CPU
		{AFA2713B-C316-4CED-8568-A44A13DD1039}.Debug|Any CPU.ActiveCfg = Debug|Any CPU
		{AFA2713B-C316-4CED-8568-A44A13DD1039}.Debug|Any CPU.Build.0 = Debug|Any CPU
		{AFA2713B-C316-4CED-8568-A44A13DD1039}.Release|Any CPU.ActiveCfg = Release|Any CPU
		{AFA2713B-C316-4CED-8568-A44A13DD1039}.Release|Any CPU.Build.0 = Release|Any CPU
		{81CB9B1A-25B1-46A8-8806-0BCF5595386E}.Debug|Any CPU.ActiveCfg = Debug|Any CPU
		{81CB9B1A-25B1-46A8-8806-0BCF5595386E}.Debug|Any CPU.Build.0 = Debug|Any CPU
		{81CB9B1A-25B1-46A8-8806-0BCF5595386E}.Release|Any CPU.ActiveCfg = Release|Any CPU
		{81CB9B1A-25B1-46A8-8806-0BCF5595386E}.Release|Any CPU.Build.0 = Release|Any CPU
		{8E543EA4-65DE-475F-8045-C094CDE58E29}.Debug|Any CPU.ActiveCfg = Debug|Any CPU
		{8E543EA4-65DE-475F-8045-C094CDE58E29}.Debug|Any CPU.Build.0 = Debug|Any CPU
		{8E543EA4-65DE-475F-8045-C094CDE58E29}.Release|Any CPU.ActiveCfg = Release|Any CPU
		{8E543EA4-65DE-475F-8045-C094CDE58E29}.Release|Any CPU.Build.0 = Release|Any CPU
	EndGlobalSection
	GlobalSection(SolutionProperties) = preSolution
		HideSolutionNode = FALSE
	EndGlobalSection
EndGlobal
